Microsoft Visual Studio Solution File, Format Version 11.00
# Visual Studio 2008

Project("{328BB188-DBDF-BE65-0602-31BE38A2AD60}") = "Year2GroupProject", "Assembly-CSharp.csproj", "{1E389929-EE6E-1B0E-FCD7-7009FDF4FB07}"
EndProject
Global
	GlobalSection(SolutionConfigurationPlatforms) = preSolution
		Debug|Any CPU = Debug|Any CPU
		Release|Any CPU = Release|Any CPU
	EndGlobalSection
	GlobalSection(ProjectConfigurationPlatforms) = postSolution
		{1E389929-EE6E-1B0E-FCD7-7009FDF4FB07}.Debug|Any CPU.ActiveCfg = Debug|Any CPU
		{1E389929-EE6E-1B0E-FCD7-7009FDF4FB07}.Debug|Any CPU.Build.0 = Debug|Any CPU
		{1E389929-EE6E-1B0E-FCD7-7009FDF4FB07}.Release|Any CPU.ActiveCfg = Release|Any CPU
		{1E389929-EE6E-1B0E-FCD7-7009FDF4FB07}.Release|Any CPU.Build.0 = Release|Any CPU
	EndGlobalSection
	GlobalSection(SolutionProperties) = preSolution
		HideSolutionNode = FALSE
	EndGlobalSection
	GlobalSection(MonoDevelopProperties) = preSolution
		StartupItem = Assembly-CSharp.csproj
	EndGlobalSection
EndGlobal
